
Microsoft Visual Studio Solution File, Format Version 12.00
# Visual Studio 15
Project("{FAE04EC0-301F-11D3-BF4B-00C04F79EFBC}") = "Examples", "Examples\Examples.csproj", "{5354E9D1-9541-4EBB-8C8C-1843243CE6FC}"
EndProject
Global
	GlobalSection(SolutionConfigurationPlatforms) = preSolution
		Debug|anycpu = Debug|anycpu
		Release|anycpu = Release|anycpu
	EndGlobalSection
	GlobalSection(ProjectConfigurationPlatforms) = postSolution
		{5354E9D1-9541-4EBB-8C8C-1843243CE6FC}.Debug|anycpu.ActiveCfg = Debug|anycpu
		{5354E9D1-9541-4EBB-8C8C-1843243CE6FC}.Debug|anycpu.Build.0 = Debug|anycpu
		{5354E9D1-9541-4EBB-8C8C-1843243CE6FC}.Release|anycpu.ActiveCfg = Release|anycpu
		{5354E9D1-9541-4EBB-8C8C-1843243CE6FC}.Release|anycpu.Build.0 = Release|anycpu
	EndGlobalSection
EndGlobal
